
Microsoft Visual Studio Solution File, Format Version 12.00
# Visual Studio Version 17
VisualStudioVersion = 17.13.35818.85 d17.13
MinimumVisualStudioVersion = 10.0.40219.1
Project("{FAE04EC0-301F-11D3-BF4B-00C04F79EFBC}") = "backend", "backend\backend.csproj", "{4CA7299D-8AB9-4895-8BCA-4F931CF30CE5}"
EndProject
Global
	GlobalSection(SolutionConfigurationPlatforms) = preSolution
		Debug|Any CPU = Debug|Any CPU
		Release|Any CPU = Release|Any CPU
	EndGlobalSection
	GlobalSection(ProjectConfigurationPlatforms) = postSolution
		{4CA7299D-8AB9-4895-8BCA-4F931CF30CE5}.Debug|Any CPU.ActiveCfg = Debug|Any CPU
		{4CA7299D-8AB9-4895-8BCA-4F931CF30CE5}.Debug|Any CPU.Build.0 = Debug|Any CPU
		{4CA7299D-8AB9-4895-8BCA-4F931CF30CE5}.Release|Any CPU.ActiveCfg = Release|Any CPU
		{4CA7299D-8AB9-4895-8BCA-4F931CF30CE5}.Release|Any CPU.Build.0 = Release|Any CPU
	EndGlobalSection
	GlobalSection(SolutionProperties) = preSolution
		HideSolutionNode = FALSE
	EndGlobalSection
	GlobalSection(ExtensibilityGlobals) = postSolution
		SolutionGuid = {79657A16-EB66-488D-B865-2C357E11F527}
	EndGlobalSection
EndGlobal
